
Microsoft Visual Studio Solution File, Format Version 12.00
# Visual Studio Version 17
VisualStudioVersion = 17.14.36109.1 d17.14
MinimumVisualStudioVersion = 10.0.40219.1
Project("{FAE04EC0-301F-11D3-BF4B-00C04F79EFBC}") = "Calculator.API", "Calculator.API.csproj", "{7B4BEA10-959A-48CB-BBA7-0DAECA026685}"
EndProject
Global
	GlobalSection(SolutionConfigurationPlatforms) = preSolution
		Debug|Any CPU = Debug|Any CPU
		Release|Any CPU = Release|Any CPU
	EndGlobalSection
	GlobalSection(ProjectConfigurationPlatforms) = postSolution
		{7B4BEA10-959A-48CB-BBA7-0DAECA026685}.Debug|Any CPU.ActiveCfg = Debug|Any CPU
		{7B4BEA10-959A-48CB-BBA7-0DAECA026685}.Debug|Any CPU.Build.0 = Debug|Any CPU
		{7B4BEA10-959A-48CB-BBA7-0DAECA026685}.Release|Any CPU.ActiveCfg = Release|Any CPU
		{7B4BEA10-959A-48CB-BBA7-0DAECA026685}.Release|Any CPU.Build.0 = Release|Any CPU
	EndGlobalSection
	GlobalSection(SolutionProperties) = preSolution
		HideSolutionNode = FALSE
	EndGlobalSection
	GlobalSection(ExtensibilityGlobals) = postSolution
		SolutionGuid = {F6187165-06F0-45A2-8889-26B76423E62B}
	EndGlobalSection
EndGlobal
